
Microsoft Visual Studio Solution File, Format Version 12.00
# Visual Studio Express 2013 for Windows Desktop
VisualStudioVersion = 12.0.21005.1
MinimumVisualStudioVersion = 10.0.40219.1
Project("{8BC9CEB8-8B4A-11D0-8D11-00A0C91BC942}") = "TestKMDFControlDriver1", "TestKMDFControlDriver1\TestKMDFControlDriver1.vcxproj", "{1F75FB8E-2B2E-4455-9BBC-4A6438032234}"
EndProject
Project("{8BC9CEB8-8B4A-11D0-8D11-00A0C91BC942}") = "TestKMDFControlDriver1 Package", "TestKMDFControlDriver1 Package\TestKMDFControlDriver1 Package.vcxproj", "{415D7370-C5D0-4BF5-B0E8-D6EA40F29019}"
	ProjectSection(ProjectDependencies) = postProject
		{1F75FB8E-2B2E-4455-9BBC-4A6438032234} = {1F75FB8E-2B2E-4455-9BBC-4A6438032234}
	EndProjectSection
EndProject
Project("{8BC9CEB8-8B4A-11D0-8D11-00A0C91BC942}") = "ApplicationForDrivers1", "ApplicationForDrivers1\ApplicationForDrivers1.vcxproj", "{E8ACF817-EA38-4930-B476-EEAA824531D0}"
EndProject
Global
	GlobalSection(SolutionConfigurationPlatforms) = preSolution
		Win7 Debug|Win32 = Win7 Debug|Win32
		Win7 Debug|x64 = Win7 Debug|x64
		Win7 Release|Win32 = Win7 Release|Win32
		Win7 Release|x64 = Win7 Release|x64
		Win8 Debug|Win32 = Win8 Debug|Win32
		Win8 Debug|x64 = Win8 Debug|x64
		Win8 Release|Win32 = Win8 Release|Win32
		Win8 Release|x64 = Win8 Release|x64
		Win8.1 Debug|Win32 = Win8.1 Debug|Win32
		Win8.1 Debug|x64 = Win8.1 Debug|x64
		Win8.1 Release|Win32 = Win8.1 Release|Win32
		Win8.1 Release|x64 = Win8.1 Release|x64
	EndGlobalSection
	GlobalSection(ProjectConfigurationPlatforms) = postSolution
		{1F75FB8E-2B2E-4455-9BBC-4A6438032234}.Win7 Debug|Win32.ActiveCfg = Win7 Debug|Win32
		{1F75FB8E-2B2E-4455-9BBC-4A6438032234}.Win7 Debug|Win32.Build.0 = Win7 Debug|Win32
		{1F75FB8E-2B2E-4455-9BBC-4A6438032234}.Win7 Debug|Win32.Deploy.0 = Win7 Debug|Win32
		{1F75FB8E-2B2E-4455-9BBC-4A6438032234}.Win7 Debug|x64.ActiveCfg = Win7 Debug|x64
		{1F75FB8E-2B2E-4455-9BBC-4A6438032234}.Win7 Debug|x64.Build.0 = Win7 Debug|x64
		{1F75FB8E-2B2E-4455-9BBC-4A6438032234}.Win7 Debug|x64.Deploy.0 = Win7 Debug|x64
		{1F75FB8E-2B2E-4455-9BBC-4A6438032234}.Win7 Release|Win32.ActiveCfg = Win7 Release|Win32
		{1F75FB8E-2B2E-4455-9BBC-4A6438032234}.Win7 Release|Win32.Build.0 = Win7 Release|Win32
		{1F75FB8E-2B2E-4455-9BBC-4A6438032234}.Win7 Release|Win32.Deploy.0 = Win7 Release|Win32
		{1F75FB8E-2B2E-4455-9BBC-4A6438032234}.Win7 Release|x64.ActiveCfg = Win7 Release|x64
		{1F75FB8E-2B2E-4455-9BBC-4A6438032234}.Win7 Release|x64.Build.0 = Win7 Release|x64
		{1F75FB8E-2B2E-4455-9BBC-4A6438032234}.Win7 Release|x64.Deploy.0 = Win7 Release|x64
		{1F75FB8E-2B2E-4455-9BBC-4A6438032234}.Win8 Debug|Win32.ActiveCfg = Win8 Debug|Win32
		{1F75FB8E-2B2E-4455-9BBC-4A6438032234}.Win8 Debug|Win32.Build.0 = Win8 Debug|Win32
		{1F75FB8E-2B2E-4455-9BBC-4A6438032234}.Win8 Debug|Win32.Deploy.0 = Win8 Debug|Win32
		{1F75FB8E-2B2E-4455-9BBC-4A6438032234}.Win8 Debug|x64.ActiveCfg = Win8 Debug|x64
		{1F75FB8E-2B2E-4455-9BBC-4A6438032234}.Win8 Debug|x64.Build.0 = Win8 Debug|x64
		{1F75FB8E-2B2E-4455-9BBC-4A6438032234}.Win8 Debug|x64.Deploy.0 = Win8 Debug|x64
		{1F75FB8E-2B2E-4455-9BBC-4A6438032234}.Win8 Release|Win32.ActiveCfg = Win8 Release|Win32
		{1F75FB8E-2B2E-4455-9BBC-4A6438032234}.Win8 Release|Win32.Build.0 = Win8 Release|Win32
		{1F75FB8E-2B2E-4455-9BBC-4A6438032234}.Win8 Release|Win32.Deploy.0 = Win8 Release|Win32
		{1F75FB8E-2B2E-4455-9BBC-4A6438032234}.Win8 Release|x64.ActiveCfg = Win8 Release|x64
		{1F75FB8E-2B2E-4455-9BBC-4A6438032234}.Win8 Release|x64.Build.0 = Win8 Release|x64
		{1F75FB8E-2B2E-4455-9BBC-4A6438032234}.Win8 Release|x64.Deploy.0 = Win8 Release|x64
		{1F75FB8E-2B2E-4455-9BBC-4A6438032234}.Win8.1 Debug|Win32.ActiveCfg = Win8.1 Debug|Win32
		{1F75FB8E-2B2E-4455-9BBC-4A6438032234}.Win8.1 Debug|Win32.Build.0 = Win8.1 Debug|Win32
		{1F75FB8E-2B2E-4455-9BBC-4A6438032234}.Win8.1 Debug|Win32.Deploy.0 = Win8.1 Debug|Win32
		{1F75FB8E-2B2E-4455-9BBC-4A6438032234}.Win8.1 Debug|x64.ActiveCfg = Win8.1 Debug|x64
		{1F75FB8E-2B2E-4455-9BBC-4A6438032234}.Win8.1 Debug|x64.Build.0 = Win8.1 Debug|x64
		{1F75FB8E-2B2E-4455-9BBC-4A6438032234}.Win8.1 Debug|x64.Deploy.0 = Win8.1 Debug|x64
		{1F75FB8E-2B2E-4455-9BBC-4A6438032234}.Win8.1 Release|Win32.ActiveCfg = Win8.1 Release|Win32
		{1F75FB8E-2B2E-4455-9BBC-4A6438032234}.Win8.1 Release|Win32.Build.0 = Win8.1 Release|Win32
		{1F75FB8E-2B2E-4455-9BBC-4A6438032234}.Win8.1 Release|Win32.Deploy.0 = Win8.1 Release|Win32
		{1F75FB8E-2B2E-4455-9BBC-4A6438032234}.Win8.1 Release|x64.ActiveCfg = Win8.1 Release|x64
		{1F75FB8E-2B2E-4455-9BBC-4A6438032234}.Win8.1 Release|x64.Build.0 = Win8.1 Release|x64
		{1F75FB8E-2B2E-4455-9BBC-4A6438032234}.Win8.1 Release|x64.Deploy.0 = Win8.1 Release|x64
		{415D7370-C5D0-4BF5-B0E8-D6EA40F29019}.Win7 Debug|Win32.ActiveCfg = Win7 Debug|Win32
		{415D7370-C5D0-4BF5-B0E8-D6EA40F29019}.Win7 Debug|Win32.Build.0 = Win7 Debug|Win32
		{415D7370-C5D0-4BF5-B0E8-D6EA40F29019}.Win7 Debug|Win32.Deploy.0 = Win7 Debug|Win32
		{415D7370-C5D0-4BF5-B0E8-D6EA40F29019}.Win7 Debug|x64.ActiveCfg = Win7 Debug|x64
		{415D7370-C5D0-4BF5-B0E8-D6EA40F29019}.Win7 Debug|x64.Build.0 = Win7 Debug|x64
		{415D7370-C5D0-4BF5-B0E8-D6EA40F29019}.Win7 Debug|x64.Deploy.0 = Win7 Debug|x64
		{415D7370-C5D0-4BF5-B0E8-D6EA40F29019}.Win7 Release|Win32.ActiveCfg = Win7 Release|Win32
		{415D7370-C5D0-4BF5-B0E8-D6EA40F29019}.Win7 Release|Win32.Build.0 = Win7 Release|Win32
		{415D7370-C5D0-4BF5-B0E8-D6EA40F29019}.Win7 Release|Win32.Deploy.0 = Win7 Release|Win32
		{415D7370-C5D0-4BF5-B0E8-D6EA40F29019}.Win7 Release|x64.ActiveCfg = Win7 Release|x64
		{415D7370-C5D0-4BF5-B0E8-D6EA40F29019}.Win7 Release|x64.Build.0 = Win7 Release|x64
		{415D7370-C5D0-4BF5-B0E8-D6EA40F29019}.Win7 Release|x64.Deploy.0 = Win7 Release|x64
		{415D7370-C5D0-4BF5-B0E8-D6EA40F29019}.Win8 Debug|Win32.ActiveCfg = Win8 Debug|Win32
		{415D7370-C5D0-4BF5-B0E8-D6EA40F29019}.Win8 Debug|Win32.Build.0 = Win8 Debug|Win32
		{415D7370-C5D0-4BF5-B0E8-D6EA40F29019}.Win8 Debug|Win32.Deploy.0 = Win8 Debug|Win32
		{415D7370-C5D0-4BF5-B0E8-D6EA40F29019}.Win8 Debug|x64.ActiveCfg = Win8 Debug|x64
		{415D7370-C5D0-4BF5-B0E8-D6EA40F29019}.Win8 Debug|x64.Build.0 = Win8 Debug|x64
		{415D7370-C5D0-4BF5-B0E8-D6EA40F29019}.Win8 Debug|x64.Deploy.0 = Win8 Debug|x64
		{415D7370-C5D0-4BF5-B0E8-D6EA40F29019}.Win8 Release|Win32.ActiveCfg = Win8 Release|Win32
		{415D7370-C5D0-4BF5-B0E8-D6EA40F29019}.Win8 Release|Win32.Build.0 = Win8 Release|Win32
		{415D7370-C5D0-4BF5-B0E8-D6EA40F29019}.Win8 Release|Win32.Deploy.0 = Win8 Release|Win32
		{415D7370-C5D0-4BF5-B0E8-D6EA40F29019}.Win8 Release|x64.ActiveCfg = Win8 Release|x64
		{415D7370-C5D0-4BF5-B0E8-D6EA40F29019}.Win8 Release|x64.Build.0 = Win8 Release|x64
		{415D7370-C5D0-4BF5-B0E8-D6EA40F29019}.Win8 Release|x64.Deploy.0 = Win8 Release|x64
		{415D7370-C5D0-4BF5-B0E8-D6EA40F29019}.Win8.1 Debug|Win32.ActiveCfg = Win8.1 Debug|Win32
		{415D7370-C5D0-4BF5-B0E8-D6EA40F29019}.Win8.1 Debug|Win32.Build.0 = Win8.1 Debug|Win32
		{415D7370-C5D0-4BF5-B0E8-D6EA40F29019}.Win8.1 Debug|Win32.Deploy.0 = Win8.1 Debug|Win32
		{415D7370-C5D0-4BF5-B0E8-D6EA40F29019}.Win8.1 Debug|x64.ActiveCfg = Win8.1 Debug|x64
		{415D7370-C5D0-4BF5-B0E8-D6EA40F29019}.Win8.1 Debug|x64.Build.0 = Win8.1 Debug|x64
		{415D7370-C5D0-4BF5-B0E8-D6EA40F29019}.Win8.1 Debug|x64.Deploy.0 = Win8.1 Debug|x64
		{415D7370-C5D0-4BF5-B0E8-D6EA40F29019}.Win8.1 Release|Win32.ActiveCfg = Win8.1 Release|Win32
		{415D7370-C5D0-4BF5-B0E8-D6EA40F29019}.Win8.1 Release|Win32.Build.0 = Win8.1 Release|Win32
		{415D7370-C5D0-4BF5-B0E8-D6EA40F29019}.Win8.1 Release|Win32.Deploy.0 = Win8.1 Release|Win32
		{415D7370-C5D0-4BF5-B0E8-D6EA40F29019}.Win8.1 Release|x64.ActiveCfg = Win8.1 Release|x64
		{415D7370-C5D0-4BF5-B0E8-D6EA40F29019}.Win8.1 Release|x64.Build.0 = Win8.1 Release|x64
		{415D7370-C5D0-4BF5-B0E8-D6EA40F29019}.Win8.1 Release|x64.Deploy.0 = Win8.1 Release|x64
		{E8ACF817-EA38-4930-B476-EEAA824531D0}.Win7 Debug|Win32.ActiveCfg = Win7 Debug|Win32
		{E8ACF817-EA38-4930-B476-EEAA824531D0}.Win7 Debug|Win32.Build.0 = Win7 Debug|Win32
		{E8ACF817-EA38-4930-B476-EEAA824531D0}.Win7 Debug|Win32.Deploy.0 = Win7 Debug|Win32
		{E8ACF817-EA38-4930-B476-EEAA824531D0}.Win7 Debug|x64.ActiveCfg = Win7 Debug|x64
		{E8ACF817-EA38-4930-B476-EEAA824531D0}.Win7 Debug|x64.Build.0 = Win7 Debug|x64
		{E8ACF817-EA38-4930-B476-EEAA824531D0}.Win7 Debug|x64.Deploy.0 = Win7 Debug|x64
		{E8ACF817-EA38-4930-B476-EEAA824531D0}.Win7 Release|Win32.ActiveCfg = Win7 Release|Win32
		{E8ACF817-EA38-4930-B476-EEAA824531D0}.Win7 Release|Win32.Build.0 = Win7 Release|Win32
		{E8ACF817-EA38-4930-B476-EEAA824531D0}.Win7 Release|Win32.Deploy.0 = Win7 Release|Win32
		{E8ACF817-EA38-4930-B476-EEAA824531D0}.Win7 Release|x64.ActiveCfg = Win7 Release|x64
		{E8ACF817-EA38-4930-B476-EEAA824531D0}.Win7 Release|x64.Build.0 = Win7 Release|x64
		{E8ACF817-EA38-4930-B476-EEAA824531D0}.Win7 Release|x64.Deploy.0 = Win7 Release|x64
		{E8ACF817-EA38-4930-B476-EEAA824531D0}.Win8 Debug|Win32.ActiveCfg = Win8 Debug|Win32
		{E8ACF817-EA38-4930-B476-EEAA824531D0}.Win8 Debug|Win32.Build.0 = Win8 Debug|Win32
		{E8ACF817-EA38-4930-B476-EEAA824531D0}.Win8 Debug|Win32.Deploy.0 = Win8 Debug|Win32
		{E8ACF817-EA38-4930-B476-EEAA824531D0}.Win8 Debug|x64.ActiveCfg = Win8 Debug|x64
		{E8ACF817-EA38-4930-B476-EEAA824531D0}.Win8 Debug|x64.Build.0 = Win8 Debug|x64
		{E8ACF817-EA38-4930-B476-EEAA824531D0}.Win8 Debug|x64.Deploy.0 = Win8 Debug|x64
		{E8ACF817-EA38-4930-B476-EEAA824531D0}.Win8 Release|Win32.ActiveCfg = Win8 Release|Win32
		{E8ACF817-EA38-4930-B476-EEAA824531D0}.Win8 Release|Win32.Build.0 = Win8 Release|Win32
		{E8ACF817-EA38-4930-B476-EEAA824531D0}.Win8 Release|Win32.Deploy.0 = Win8 Release|Win32
		{E8ACF817-EA38-4930-B476-EEAA824531D0}.Win8 Release|x64.ActiveCfg = Win8 Release|x64
		{E8ACF817-EA38-4930-B476-EEAA824531D0}.Win8 Release|x64.Build.0 = Win8 Release|x64
		{E8ACF817-EA38-4930-B476-EEAA824531D0}.Win8 Release|x64.Deploy.0 = Win8 Release|x64
		{E8ACF817-EA38-4930-B476-EEAA824531D0}.Win8.1 Debug|Win32.ActiveCfg = Win8.1 Debug|Win32
		{E8ACF817-EA38-4930-B476-EEAA824531D0}.Win8.1 Debug|Win32.Build.0 = Win8.1 Debug|Win32
		{E8ACF817-EA38-4930-B476-EEAA824531D0}.Win8.1 Debug|Win32.Deploy.0 = Win8.1 Debug|Win32
		{E8ACF817-EA38-4930-B476-EEAA824531D0}.Win8.1 Debug|x64.ActiveCfg = Win8.1 Debug|x64
		{E8ACF817-EA38-4930-B476-EEAA824531D0}.Win8.1 Debug|x64.Build.0 = Win8.1 Debug|x64
		{E8ACF817-EA38-4930-B476-EEAA824531D0}.Win8.1 Debug|x64.Deploy.0 = Win8.1 Debug|x64
		{E8ACF817-EA38-4930-B476-EEAA824531D0}.Win8.1 Release|Win32.ActiveCfg = Win8.1 Release|Win32
		{E8ACF817-EA38-4930-B476-EEAA824531D0}.Win8.1 Release|Win32.Build.0 = Win8.1 Release|Win32
		{E8ACF817-EA38-4930-B476-EEAA824531D0}.Win8.1 Release|Win32.Deploy.0 = Win8.1 Release|Win32
		{E8ACF817-EA38-4930-B476-EEAA824531D0}.Win8.1 Release|x64.ActiveCfg = Win8.1 Release|x64
		{E8ACF817-EA38-4930-B476-EEAA824531D0}.Win8.1 Release|x64.Build.0 = Win8.1 Release|x64
		{E8ACF817-EA38-4930-B476-EEAA824531D0}.Win8.1 Release|x64.Deploy.0 = Win8.1 Release|x64
	EndGlobalSection
	GlobalSection(SolutionProperties) = preSolution
		HideSolutionNode = FALSE
	EndGlobalSection
EndGlobal
